
Microsoft Visual Studio Solution File, Format Version 12.00
# Visual Studio Version 16
VisualStudioVersion = 16.0.810.9
MinimumVisualStudioVersion = 10.0.40219.1
Project("{FAE04EC0-301F-11D3-BF4B-00C04F79EFBC}") = "PokemonMatchup", "PokemonMatchup\PokemonMatchup.csproj", "{D2FE756E-8115-4C6B-AA25-26074DBF36D8}"
EndProject
Global
	GlobalSection(SolutionConfigurationPlatforms) = preSolution
		Debug|Any CPU = Debug|Any CPU
		Release|Any CPU = Release|Any CPU
	EndGlobalSection
	GlobalSection(ProjectConfigurationPlatforms) = postSolution
		{D2FE756E-8115-4C6B-AA25-26074DBF36D8}.Debug|Any CPU.ActiveCfg = Debug|Any CPU
		{D2FE756E-8115-4C6B-AA25-26074DBF36D8}.Debug|Any CPU.Build.0 = Debug|Any CPU
		{D2FE756E-8115-4C6B-AA25-26074DBF36D8}.Release|Any CPU.ActiveCfg = Release|Any CPU
		{D2FE756E-8115-4C6B-AA25-26074DBF36D8}.Release|Any CPU.Build.0 = Release|Any CPU
	EndGlobalSection
	GlobalSection(SolutionProperties) = preSolution
		HideSolutionNode = FALSE
	EndGlobalSection
	GlobalSection(ExtensibilityGlobals) = postSolution
		SolutionGuid = {39FC49C1-CE3E-4800-BD15-D02120143E05}
	EndGlobalSection
EndGlobal
